
Microsoft Visual Studio Solution File, Format Version 12.00
# Visual Studio Version 17
VisualStudioVersion = 17.5.002.0
MinimumVisualStudioVersion = 10.0.40219.1
Project("{9A19103F-16F7-4668-BE54-9A1E7A4F7556}") = "WalletHub.UnitTests", "WalletHub.Tests\WalletHub.UnitTests.csproj", "{AF76FB57-E220-4867-BDCF-1F05290C23E3}"
EndProject
Project("{9A19103F-16F7-4668-BE54-9A1E7A4F7556}") = "WalletHub.API", "WalletHub.API\WalletHub.API.csproj", "{CC592783-1BBC-4620-8763-8CCDA7DC8FC7}"
EndProject
Project("{9A19103F-16F7-4668-BE54-9A1E7A4F7556}") = "WalletHub.ExportService", "WalletHub.ExportService\WalletHub.ExportService.csproj", "{36DF7A6A-B62B-410E-A773-7C70C3255224}"
EndProject
Project("{2150E333-8FDC-42A3-9474-1A3956D46DE8}") = "tests", "tests", "{80674283-1F20-4835-BE75-EBFEF57FF778}"
EndProject
Global
	GlobalSection(SolutionConfigurationPlatforms) = preSolution
		Debug|Any CPU = Debug|Any CPU
		Release|Any CPU = Release|Any CPU
	EndGlobalSection
	GlobalSection(ProjectConfigurationPlatforms) = postSolution
		{AF76FB57-E220-4867-BDCF-1F05290C23E3}.Debug|Any CPU.ActiveCfg = Debug|Any CPU
		{AF76FB57-E220-4867-BDCF-1F05290C23E3}.Debug|Any CPU.Build.0 = Debug|Any CPU
		{AF76FB57-E220-4867-BDCF-1F05290C23E3}.Release|Any CPU.ActiveCfg = Release|Any CPU
		{AF76FB57-E220-4867-BDCF-1F05290C23E3}.Release|Any CPU.Build.0 = Release|Any CPU
		{CC592783-1BBC-4620-8763-8CCDA7DC8FC7}.Debug|Any CPU.ActiveCfg = Debug|Any CPU
		{CC592783-1BBC-4620-8763-8CCDA7DC8FC7}.Debug|Any CPU.Build.0 = Debug|Any CPU
		{CC592783-1BBC-4620-8763-8CCDA7DC8FC7}.Release|Any CPU.ActiveCfg = Release|Any CPU
		{CC592783-1BBC-4620-8763-8CCDA7DC8FC7}.Release|Any CPU.Build.0 = Release|Any CPU
		{36DF7A6A-B62B-410E-A773-7C70C3255224}.Debug|Any CPU.ActiveCfg = Debug|Any CPU
		{36DF7A6A-B62B-410E-A773-7C70C3255224}.Debug|Any CPU.Build.0 = Debug|Any CPU
		{36DF7A6A-B62B-410E-A773-7C70C3255224}.Release|Any CPU.ActiveCfg = Release|Any CPU
		{36DF7A6A-B62B-410E-A773-7C70C3255224}.Release|Any CPU.Build.0 = Release|Any CPU
	EndGlobalSection
	GlobalSection(SolutionProperties) = preSolution
		HideSolutionNode = FALSE
	EndGlobalSection
	GlobalSection(NestedProjects) = preSolution
		{AF76FB57-E220-4867-BDCF-1F05290C23E3} = {80674283-1F20-4835-BE75-EBFEF57FF778}
	EndGlobalSection
	GlobalSection(ExtensibilityGlobals) = postSolution
		SolutionGuid = {F2318049-7E09-4E39-B9F9-4D7366F033D2}
	EndGlobalSection
EndGlobal
